
Microsoft Visual Studio Solution File, Format Version 12.00
# Visual Studio Version 17
VisualStudioVersion = 17.9.34723.18
MinimumVisualStudioVersion = 10.0.40219.1
Project("{9A19103F-16F7-4668-BE54-9A1E7A4F7556}") = "PacMan", "PacMan\PacMan.csproj", "{BCCEA4F6-ADBE-4D56-8206-A59BA1AAE0B0}"
EndProject
Project("{9A19103F-16F7-4668-BE54-9A1E7A4F7556}") = "Engine", "Engine\Engine.csproj", "{9A2350EA-A6A3-45FC-8849-D6BFFC93A127}"
EndProject
Project("{FAE04EC0-301F-11D3-BF4B-00C04F79EFBC}") = "DB", "DB\DB.csproj", "{A2C2A92D-0465-4EF0-A883-8B12F0DE8F93}"
EndProject
Global
	GlobalSection(SolutionConfigurationPlatforms) = preSolution
		Debug|Any CPU = Debug|Any CPU
		Release|Any CPU = Release|Any CPU
	EndGlobalSection
	GlobalSection(ProjectConfigurationPlatforms) = postSolution
		{BCCEA4F6-ADBE-4D56-8206-A59BA1AAE0B0}.Debug|Any CPU.ActiveCfg = Debug|Any CPU
		{BCCEA4F6-ADBE-4D56-8206-A59BA1AAE0B0}.Debug|Any CPU.Build.0 = Debug|Any CPU
		{BCCEA4F6-ADBE-4D56-8206-A59BA1AAE0B0}.Release|Any CPU.ActiveCfg = Release|Any CPU
		{BCCEA4F6-ADBE-4D56-8206-A59BA1AAE0B0}.Release|Any CPU.Build.0 = Release|Any CPU
		{9A2350EA-A6A3-45FC-8849-D6BFFC93A127}.Debug|Any CPU.ActiveCfg = Debug|Any CPU
		{9A2350EA-A6A3-45FC-8849-D6BFFC93A127}.Debug|Any CPU.Build.0 = Debug|Any CPU
		{9A2350EA-A6A3-45FC-8849-D6BFFC93A127}.Release|Any CPU.ActiveCfg = Release|Any CPU
		{9A2350EA-A6A3-45FC-8849-D6BFFC93A127}.Release|Any CPU.Build.0 = Release|Any CPU
		{A2C2A92D-0465-4EF0-A883-8B12F0DE8F93}.Debug|Any CPU.ActiveCfg = Debug|Any CPU
		{A2C2A92D-0465-4EF0-A883-8B12F0DE8F93}.Debug|Any CPU.Build.0 = Debug|Any CPU
		{A2C2A92D-0465-4EF0-A883-8B12F0DE8F93}.Release|Any CPU.ActiveCfg = Release|Any CPU
		{A2C2A92D-0465-4EF0-A883-8B12F0DE8F93}.Release|Any CPU.Build.0 = Release|Any CPU
	EndGlobalSection
	GlobalSection(SolutionProperties) = preSolution
		HideSolutionNode = FALSE
	EndGlobalSection
	GlobalSection(ExtensibilityGlobals) = postSolution
		SolutionGuid = {2388BE9A-0390-443C-B78C-F28120A99321}
	EndGlobalSection
EndGlobal
